# @generated - this file is auto-generated by `mise lock` https://mise.jdx.dev/dev-tools/mise-lock.html

lockfile_version = 1

[[tools.actionlint]]
version = "1.7.7"
backend = "aqua:rhysd/actionlint"
specifiers = ["1.7.7"]

[tools.actionlint."platforms.linux-arm64"]
checksum = "sha256:401942f9c24ed71e4fe71b76c7d638f66d8633575c4016efd2977ce7c28317d0"
url = "https://github.com/rhysd/actionlint/releases/download/v1.7.7/actionlint_1.7.7_linux_arm64.tar.gz"
url_api = "https://api.github.com/repos/rhysd/actionlint/releases/assets/221573255"

[tools.actionlint."platforms.linux-arm64-musl"]
checksum = "sha256:401942f9c24ed71e4fe71b76c7d638f66d8633575c4016efd2977ce7c28317d0"
url = "https://github.com/rhysd/actionlint/releases/download/v1.7.7/actionlint_1.7.7_linux_arm64.tar.gz"
url_api = "https://api.github.com/repos/rhysd/actionlint/releases/assets/221573255"

[tools.actionlint."platforms.linux-x64"]
checksum = "sha256:023070a287cd8cccd71515fedc843f1985bf96c436b7effaecce67290e7e0757"
url = "https://github.com/rhysd/actionlint/releases/download/v1.7.7/actionlint_1.7.7_linux_amd64.tar.gz"
url_api = "https://api.github.com/repos/rhysd/actionlint/releases/assets/221573254"

[tools.actionlint."platforms.linux-x64-musl"]
checksum = "sha256:023070a287cd8cccd71515fedc843f1985bf96c436b7effaecce67290e7e0757"
url = "https://github.com/rhysd/actionlint/releases/download/v1.7.7/actionlint_1.7.7_linux_amd64.tar.gz"
url_api = "https://api.github.com/repos/rhysd/actionlint/releases/assets/221573254"

[tools.actionlint."platforms.macos-arm64"]
checksum = "sha256:2693315b9093aeacb4ebd91a993fea54fc215057bf0da2659056b4bc033873db"
url = "https://github.com/rhysd/actionlint/releases/download/v1.7.7/actionlint_1.7.7_darwin_arm64.tar.gz"
url_api = "https://api.github.com/repos/rhysd/actionlint/releases/assets/221573250"

[tools.actionlint."platforms.macos-x64"]
checksum = "sha256:28e5de5a05fc558474f638323d736d822fff183d2d492f0aecb2b73cc44584f5"
url = "https://github.com/rhysd/actionlint/releases/download/v1.7.7/actionlint_1.7.7_darwin_amd64.tar.gz"
url_api = "https://api.github.com/repos/rhysd/actionlint/releases/assets/221573249"

[tools.actionlint."platforms.windows-x64"]
checksum = "sha256:7f12f1801bca3d480d67aaf7774f4c2a6359a3ca8eebe382c95c10c9704aa731"
url = "https://github.com/rhysd/actionlint/releases/download/v1.7.7/actionlint_1.7.7_windows_amd64.zip"
url_api = "https://api.github.com/repos/rhysd/actionlint/releases/assets/221573260"

[[tools.python]]
version = "3.14.7"
backend = "core:python"
specifiers = ["3.14.7"]

[tools.python."platforms.linux-arm64"]
checksum = "sha256:8a0798baa8a2c27b5751d590aced543eaa85e20b3f73d93c1af049688acdc9c5"
url = "https://github.com/astral-sh/python-build-standalone/releases/download/20260901/cpython-3.14.7+20260901-aarch64-unknown-linux-gnu-install_only_stripped.tar.gz"
provenance = "github-attestations"

[tools.python."platforms.linux-arm64-musl"]
checksum = "sha256:701c31d72187242302922a29f3bc6023ceb68b6b68fb8d4ed7568d1e6ef34548"
url = "https://github.com/astral-sh/python-build-standalone/releases/download/20260901/cpython-3.14.7+20260901-aarch64-unknown-linux-musl-install_only_stripped.tar.gz"
provenance = "github-attestations"

[tools.python."platforms.linux-x64"]
checksum = "sha256:3959f92825141e04adf44982d3a83ee57af0877e893b0796e04c1468749d9b04"
url = "https://github.com/astral-sh/python-build-standalone/releases/download/20260901/cpython-3.14.7+20260901-x86_64-unknown-linux-gnu-install_only_stripped.tar.gz"
provenance = "github-attestations"

[tools.python."platforms.linux-x64-musl"]
checksum = "sha256:c773f8a7357c0d1a29e208a14bc16386731ca9c0d2e51f1b6741967fb0632cdc"
url = "https://github.com/astral-sh/python-build-standalone/releases/download/20260901/cpython-3.14.7+20260901-x86_64-unknown-linux-musl-install_only_stripped.tar.gz"
provenance = "github-attestations"

[tools.python."platforms.macos-arm64"]
checksum = "sha256:4632cb1a6edad9e73d3c81b6d2e69131637d995173e3e85005df14102b0592ba"
url = "https://github.com/astral-sh/python-build-standalone/releases/download/20260901/cpython-3.14.7+20260901-aarch64-apple-darwin-install_only_stripped.tar.gz"
provenance = "github-attestations"

[tools.python."platforms.macos-x64"]
checksum = "sha256:7e151a7c9028855b61a7d6e78381f2020a1ef185281399f3b1aafc5e1c9a1a64"
url = "https://github.com/astral-sh/python-build-standalone/releases/download/20260901/cpython-3.14.7+20260901-x86_64-apple-darwin-install_only_stripped.tar.gz"
provenance = "github-attestations"

[tools.python."platforms.windows-x64"]
checksum = "sha256:ca3c33ca924dfcab3b74205a7a58a88b0255135c53f95497b26b5e60700fd66d"
url = "https://github.com/astral-sh/python-build-standalone/releases/download/20260901/cpython-3.14.7+20260901-x86_64-pc-windows-msvc-install_only_stripped.tar.gz"
provenance = "github-attestations"

[[tools.uv]]
version = "0.12.11"
backend = "aqua:astral-sh/uv"
specifiers = ["0.12.11"]

[tools.uv."platforms.linux-arm64"]
checksum = "sha256:e9933d907fb9cd27d606d819bbded419f2844c0e2efc98225ecfa409288eb28d"
url = "https://github.com/astral-sh/uv/releases/download/0.12.11/uv-aarch64-unknown-linux-gnu.tar.gz"
url_api = "https://api.github.com/repos/astral-sh/uv/releases/assets/551278504"
provenance = "github-attestations"

[tools.uv."platforms.linux-arm64-musl"]
checksum = "sha256:de99cafdeb5ee6f61ac3acd6d9dc6a1ef166f9398fa5623c436246ee1ecea099"
url = "https://github.com/astral-sh/uv/releases/download/0.12.11/uv-aarch64-unknown-linux-musl.tar.gz"
url_api = "https://api.github.com/repos/astral-sh/uv/releases/assets/551278510"
provenance = "github-attestations"

[tools.uv."platforms.linux-x64"]
checksum = "sha256:4ae93e0f148a18434cc094072547cec88912fc4a72b984183c7d0d0e9586cb5e"
url = "https://github.com/astral-sh/uv/releases/download/0.12.11/uv-x86_64-unknown-linux-gnu.tar.gz"
url_api = "https://api.github.com/repos/astral-sh/uv/releases/assets/551278642"
provenance = "github-attestations"

[tools.uv."platforms.linux-x64-musl"]
checksum = "sha256:3343303ad6b4f9537ae0abfb36f1926a90c0445ba8f23d0e0a840a66a124cffd"
url = "https://github.com/astral-sh/uv/releases/download/0.12.11/uv-x86_64-unknown-linux-musl.tar.gz"
url_api = "https://api.github.com/repos/astral-sh/uv/releases/assets/551278646"
provenance = "github-attestations"

[tools.uv."platforms.macos-arm64"]
checksum = "sha256:e01b69ee15e81918d5e8fc9cf39b3db7f59c5576e5e306cd9b7aeb2c7b7321c3"
url = "https://github.com/astral-sh/uv/releases/download/0.12.11/uv-aarch64-apple-darwin.tar.gz"
url_api = "https://api.github.com/repos/astral-sh/uv/releases/assets/551278468"
provenance = "github-attestations"

[tools.uv."platforms.macos-x64"]
checksum = "sha256:96d773bf5fda4f9b08c4444847f9183d1c14bc8a28ff9c0490e261a8fc6e5309"
url = "https://github.com/astral-sh/uv/releases/download/0.12.11/uv-x86_64-apple-darwin.tar.gz"
url_api = "https://api.github.com/repos/astral-sh/uv/releases/assets/551278628"
provenance = "github-attestations"

[tools.uv."platforms.windows-x64"]
checksum = "sha256:e94225dea91e051472847bd6d146d7d66c4f54ffcd1f106678866a99580845f9"
url = "https://github.com/astral-sh/uv/releases/download/0.12.11/uv-x86_64-pc-windows-msvc.zip"
url_api = "https://api.github.com/repos/astral-sh/uv/releases/assets/551278631"
provenance = "github-attestations"
